// !$*UTF8*$!
{
	archiveVersion = 1;
	classes = {
	};
	objectVersion = 77;
	objects = {

/* Begin PBXBuildFile section */
		00CB36695D8F28700E2592B9 /* DashboardViewModel.swift in Sources */ = {isa = PBXBuildFile; fileRef = F5E4C56D66C2B59A7A8F705D /* DashboardViewModel.swift */; };
		00ED5524199CC67238BC5BAA /* APIClient.swift in Sources */ = {isa = PBXBuildFile; fileRef = 74C10D3B69C8FDBCFFDD2A6C /* APIClient.swift */; };
		0E0BB76340CFEBB91E156180 /* SettingsView.swift in Sources */ = {isa = PBXBuildFile; fileRef = 61DA5792033B6B76DD8FE4D6 /* SettingsView.swift */; };
		19E930153498478179C4EC8E /* Services.swift in Sources */ = {isa = PBXBuildFile; fileRef = 394CCCF438F363D2F2E46B57 /* Services.swift */; };
		283F4C6561F04B359CD921C4 /* Assets.xcassets in Resources */ = {isa = PBXBuildFile; fileRef = 22B01A870845C737E4774090 /* Assets.xcassets */; };
		28964F867D666891AC058BAD /* Models.swift in Sources */ = {isa = PBXBuildFile; fileRef = 92C765685A393A2DCF6684E4 /* Models.swift */; };
		317706D35520E5D4EF66F6EA /* TeamOptimizationView.swift in Sources */ = {isa = PBXBuildFile; fileRef = 74F2C3677D60A3E4449811A7 /* TeamOptimizationView.swift */; };
		36905F83C0AE7C0399479540 /* PriceTrendChart.swift in Sources */ = {isa = PBXBuildFile; fileRef = 1A7D95DD0D7CB1292DD51DBA /* PriceTrendChart.swift */; };
		4497CFEBAA5880F8C4D8430D /* CashCowAnalyzerViewModel.swift in Sources */ = {isa = PBXBuildFile; fileRef = 35395439130E313385DF0EAB /* CashCowAnalyzerViewModel.swift */; };
		4628487070C8ECA705BC7938 /* WebSocketManager.swift in Sources */ = {isa = PBXBuildFile; fileRef = B6CD63B777BE9191F877EF33 /* WebSocketManager.swift */; };
		4966CC1FA155E7C892BD7013 /* ServiceProtocols.swift in Sources */ = {isa = PBXBuildFile; fileRef = 05A783582465128E5F9E05AA /* ServiceProtocols.swift */; };
		5573BD86B2F50DC0287F4175 /* PlayerCard.swift in Sources */ = {isa = PBXBuildFile; fileRef = EA3538A2B57603447EAAE534 /* PlayerCard.swift */; };
		65D1D7AA0DE8ABFE16A1B690 /* TeamStructureChart.swift in Sources */ = {isa = PBXBuildFile; fileRef = 422441A63665A1F3CA5DB832 /* TeamStructureChart.swift */; };
		7110A2405B00AA9E3ACB48FC /* AIRecommendationCard.swift in Sources */ = {isa = PBXBuildFile; fileRef = ABBC8801F835F7F451CFC670 /* AIRecommendationCard.swift */; };
		9FBF285BB457D471A81CF132 /* Theme.swift in Sources */ = {isa = PBXBuildFile; fileRef = 37649A7B51925E41844FAB99 /* Theme.swift */; };
		A4A4E4F1A0F0C7593DAD44CF /* ContentView.swift in Sources */ = {isa = PBXBuildFile; fileRef = 7D4371E0A1CE1B4702D956D9 /* ContentView.swift */; };
		AC1701D286C4F585B61BB5F1 /* AFLFantasyApp.swift in Sources */ = {isa = PBXBuildFile; fileRef = 9A879D0C2DC495281D4FEF59 /* AFLFantasyApp.swift */; };
		AE91CE23C434048641025213 /* AlertManager.swift in Sources */ = {isa = PBXBuildFile; fileRef = DE3BB35339F61D076558CAF5 /* AlertManager.swift */; };
		B30BE83E8E7F15518E03C534 /* PerformanceChart.swift in Sources */ = {isa = PBXBuildFile; fileRef = C7CFBCDD79E89012DE226D55 /* PerformanceChart.swift */; };
		B6E69F7180E733C1F8DD3D67 /* NotificationsView.swift in Sources */ = {isa = PBXBuildFile; fileRef = A1C416332BF648D43F0FDD70 /* NotificationsView.swift */; };
		B9BBC5583218157C6A2672E6 /* SettingsViewModel.swift in Sources */ = {isa = PBXBuildFile; fileRef = C757F610FA0129B050696C5B /* SettingsViewModel.swift */; };
		B9D1B14BA1E61E583C450E5B /* AIPredictionCard.swift in Sources */ = {isa = PBXBuildFile; fileRef = 8491EBA36EE639D4FB3C3AAC /* AIPredictionCard.swift */; };
		DBF560B075C33B4478E7DF3A /* MockPreviewService.swift in Sources */ = {isa = PBXBuildFile; fileRef = 17E28B08DE16A12185E8FAB8 /* MockPreviewService.swift */; };
		DEF5A8210D02BC26E1F6260A /* CombineExtensions.swift in Sources */ = {isa = PBXBuildFile; fileRef = 0A0FBD4AE986B850FF673964 /* CombineExtensions.swift */; };
		E9148B37FFC018C048D5ED5A /* CashCowAnalyzerView.swift in Sources */ = {isa = PBXBuildFile; fileRef = EBCF5D0151172112D0143AD4 /* CashCowAnalyzerView.swift */; };
		EA9266D7A0391E550EE5DBF3 /* TeamManagementViewModel.swift in Sources */ = {isa = PBXBuildFile; fileRef = 77BB075229BB1A43450BD5C8 /* TeamManagementViewModel.swift */; };
		EC2E090B64F3066D16D05829 /* CaptainSelectionViewModel.swift in Sources */ = {isa = PBXBuildFile; fileRef = 1D657FF86359768A5A71295B /* CaptainSelectionViewModel.swift */; };
		EE40BFEACE2F98278514A909 /* Extensions.swift in Sources */ = {isa = PBXBuildFile; fileRef = E9B4D9CA211E31FD8F1E4CB5 /* Extensions.swift */; };
		F102B90E41893729D1760242 /* NotificationsViewModel.swift in Sources */ = {isa = PBXBuildFile; fileRef = D5CD06A4354A84DFD3354A94 /* NotificationsViewModel.swift */; };
		F18A4C73E09A5BDB1F643332 /* CaptainSelectionView.swift in Sources */ = {isa = PBXBuildFile; fileRef = 1A3EFD5556D44342A6201793 /* CaptainSelectionView.swift */; };
		FBD6FB4B4D1B5B6F2297F115 /* TeamManagementView.swift in Sources */ = {isa = PBXBuildFile; fileRef = 64CFC3A4C351E40CEE207661 /* TeamManagementView.swift */; };
		1A2A23QTAHPJ4ZFCNEG195YC /* KeychainManager.swift in Sources */ = {isa = PBXBuildFile; fileRef = FTNTEH8SMSHDGSOL2CZKULNB /* KeychainManager.swift */; };
		RJZ3UW5JRZNNWK5VMCS4WK3J /* AvatarLoader.swift in Sources */ = {isa = PBXBuildFile; fileRef = CTUQE22PJKRZSOKFUF0VMAH8 /* AvatarLoader.swift */; };
		DUB00MJG99EX9GEQSA3XBHRH /* AFLFantasyImportView.swift in Sources */ = {isa = PBXBuildFile; fileRef = N05QMD8JMJWGDL2701N325C4 /* AFLFantasyImportView.swift */; };
		1ACEAOF1FCSDZLJNO6NQF7N1 /* AFLFantasyImportViewModel.swift in Sources */ = {isa = PBXBuildFile; fileRef = O3KIV1GQCSYIUES7SRNNUJVW /* AFLFantasyImportViewModel.swift */; };
		6N4J6DRDGWQX995ZGCSXDY0Y /* ProfileView.swift in Sources */ = {isa = PBXBuildFile; fileRef = N2O7OJ5K2X7HM8PBQZ1N5NXQ /* ProfileView.swift */; };
		SU48JN9WWBV84QVKK4YYA12B /* EditProfileView.swift in Sources */ = {isa = PBXBuildFile; fileRef = TPQ0LS58E68T4E4J3JW42L5G /* EditProfileView.swift */; };
/* End PBXBuildFile section */

/* Begin PBXFileReference section */
		05A783582465128E5F9E05AA /* ServiceProtocols.swift */ = {isa = PBXFileReference; lastKnownFileType = sourcecode.swift; path = ServiceProtocols.swift; sourceTree = "<group>"; };
		0A0FBD4AE986B850FF673964 /* CombineExtensions.swift */ = {isa = PBXFileReference; lastKnownFileType = sourcecode.swift; path = CombineExtensions.swift; sourceTree = "<group>"; };
		17E28B08DE16A12185E8FAB8 /* MockPreviewService.swift */ = {isa = PBXFileReference; lastKnownFileType = sourcecode.swift; path = MockPreviewService.swift; sourceTree = "<group>"; };
		1A3EFD5556D44342A6201793 /* CaptainSelectionView.swift */ = {isa = PBXFileReference; lastKnownFileType = sourcecode.swift; path = CaptainSelectionView.swift; sourceTree = "<group>"; };
		1A7D95DD0D7CB1292DD51DBA /* PriceTrendChart.swift */ = {isa = PBXFileReference; lastKnownFileType = sourcecode.swift; path = PriceTrendChart.swift; sourceTree = "<group>"; };
		1D657FF86359768A5A71295B /* CaptainSelectionViewModel.swift */ = {isa = PBXFileReference; lastKnownFileType = sourcecode.swift; path = CaptainSelectionViewModel.swift; sourceTree = "<group>"; };
		22B01A870845C737E4774090 /* Assets.xcassets */ = {isa = PBXFileReference; lastKnownFileType = folder.assetcatalog; path = Assets.xcassets; sourceTree = "<group>"; };
		35395439130E313385DF0EAB /* CashCowAnalyzerViewModel.swift */ = {isa = PBXFileReference; lastKnownFileType = sourcecode.swift; path = CashCowAnalyzerViewModel.swift; sourceTree = "<group>"; };
		37649A7B51925E41844FAB99 /* Theme.swift */ = {isa = PBXFileReference; lastKnownFileType = sourcecode.swift; path = Theme.swift; sourceTree = "<group>"; };
		394CCCF438F363D2F2E46B57 /* Services.swift */ = {isa = PBXFileReference; lastKnownFileType = sourcecode.swift; path = Services.swift; sourceTree = "<group>"; };
		422441A63665A1F3CA5DB832 /* TeamStructureChart.swift */ = {isa = PBXFileReference; lastKnownFileType = sourcecode.swift; path = TeamStructureChart.swift; sourceTree = "<group>"; };
		61DA5792033B6B76DD8FE4D6 /* SettingsView.swift */ = {isa = PBXFileReference; lastKnownFileType = sourcecode.swift; path = SettingsView.swift; sourceTree = "<group>"; };
		64CFC3A4C351E40CEE207661 /* TeamManagementView.swift */ = {isa = PBXFileReference; lastKnownFileType = sourcecode.swift; path = TeamManagementView.swift; sourceTree = "<group>"; };
		74C10D3B69C8FDBCFFDD2A6C /* APIClient.swift */ = {isa = PBXFileReference; lastKnownFileType = sourcecode.swift; path = APIClient.swift; sourceTree = "<group>"; };
		74F2C3677D60A3E4449811A7 /* TeamOptimizationView.swift */ = {isa = PBXFileReference; lastKnownFileType = sourcecode.swift; path = TeamOptimizationView.swift; sourceTree = "<group>"; };
		77BB075229BB1A43450BD5C8 /* TeamManagementViewModel.swift */ = {isa = PBXFileReference; lastKnownFileType = sourcecode.swift; path = TeamManagementViewModel.swift; sourceTree = "<group>"; };
		7D4371E0A1CE1B4702D956D9 /* ContentView.swift */ = {isa = PBXFileReference; lastKnownFileType = sourcecode.swift; path = ContentView.swift; sourceTree = "<group>"; };
		8491EBA36EE639D4FB3C3AAC /* AIPredictionCard.swift */ = {isa = PBXFileReference; lastKnownFileType = sourcecode.swift; path = AIPredictionCard.swift; sourceTree = "<group>"; };
		92C765685A393A2DCF6684E4 /* Models.swift */ = {isa = PBXFileReference; lastKnownFileType = sourcecode.swift; path = Models.swift; sourceTree = "<group>"; };
		9A879D0C2DC495281D4FEF59 /* AFLFantasyApp.swift */ = {isa = PBXFileReference; lastKnownFileType = sourcecode.swift; path = AFLFantasyApp.swift; sourceTree = "<group>"; };
		A1C416332BF648D43F0FDD70 /* NotificationsView.swift */ = {isa = PBXFileReference; lastKnownFileType = sourcecode.swift; path = NotificationsView.swift; sourceTree = "<group>"; };
		ABBC8801F835F7F451CFC670 /* AIRecommendationCard.swift */ = {isa = PBXFileReference; lastKnownFileType = sourcecode.swift; path = AIRecommendationCard.swift; sourceTree = "<group>"; };
		B6CD63B777BE9191F877EF33 /* WebSocketManager.swift */ = {isa = PBXFileReference; lastKnownFileType = sourcecode.swift; path = WebSocketManager.swift; sourceTree = "<group>"; };
		C757F610FA0129B050696C5B /* SettingsViewModel.swift */ = {isa = PBXFileReference; lastKnownFileType = sourcecode.swift; path = SettingsViewModel.swift; sourceTree = "<group>"; };
		C7CFBCDD79E89012DE226D55 /* PerformanceChart.swift */ = {isa = PBXFileReference; lastKnownFileType = sourcecode.swift; path = PerformanceChart.swift; sourceTree = "<group>"; };
		D5CD06A4354A84DFD3354A94 /* NotificationsViewModel.swift */ = {isa = PBXFileReference; lastKnownFileType = sourcecode.swift; path = NotificationsViewModel.swift; sourceTree = "<group>"; };
		DE3BB35339F61D076558CAF5 /* AlertManager.swift */ = {isa = PBXFileReference; lastKnownFileType = sourcecode.swift; path = AlertManager.swift; sourceTree = "<group>"; };
		E9B4D9CA211E31FD8F1E4CB5 /* Extensions.swift */ = {isa = PBXFileReference; lastKnownFileType = sourcecode.swift; path = Extensions.swift; sourceTree = "<group>"; };
		EA3538A2B57603447EAAE534 /* PlayerCard.swift */ = {isa = PBXFileReference; lastKnownFileType = sourcecode.swift; path = PlayerCard.swift; sourceTree = "<group>"; };
		EBCF5D0151172112D0143AD4 /* CashCowAnalyzerView.swift */ = {isa = PBXFileReference; lastKnownFileType = sourcecode.swift; path = CashCowAnalyzerView.swift; sourceTree = "<group>"; };
		EC42E72A001DCB6772B7A54A /* AFL Fantasy.app */ = {isa = PBXFileReference; includeInIndex = 0; lastKnownFileType = wrapper.application; path = "AFL Fantasy.app"; sourceTree = BUILT_PRODUCTS_DIR; };
		F5E4C56D66C2B59A7A8F705D /* DashboardViewModel.swift */ = {isa = PBXFileReference; lastKnownFileType = sourcecode.swift; path = DashboardViewModel.swift; sourceTree = "<group>"; };
		FTNTEH8SMSHDGSOL2CZKULNB /* KeychainManager.swift */ = {isa = PBXFileReference; lastKnownFileType = sourcecode.swift; path = KeychainManager.swift; sourceTree = "<group>"; };
		CTUQE22PJKRZSOKFUF0VMAH8 /* AvatarLoader.swift */ = {isa = PBXFileReference; lastKnownFileType = sourcecode.swift; path = AvatarLoader.swift; sourceTree = "<group>"; };
		N05QMD8JMJWGDL2701N325C4 /* AFLFantasyImportView.swift */ = {isa = PBXFileReference; lastKnownFileType = sourcecode.swift; path = AFLFantasyImportView.swift; sourceTree = "<group>"; };
		O3KIV1GQCSYIUES7SRNNUJVW /* AFLFantasyImportViewModel.swift */ = {isa = PBXFileReference; lastKnownFileType = sourcecode.swift; path = AFLFantasyImportViewModel.swift; sourceTree = "<group>"; };
		N2O7OJ5K2X7HM8PBQZ1N5NXQ /* ProfileView.swift */ = {isa = PBXFileReference; lastKnownFileType = sourcecode.swift; path = ProfileView.swift; sourceTree = "<group>"; };
		TPQ0LS58E68T4E4J3JW42L5G /* EditProfileView.swift */ = {isa = PBXFileReference; lastKnownFileType = sourcecode.swift; path = EditProfileView.swift; sourceTree = "<group>"; };
/* End PBXFileReference section */

/* Begin PBXGroup section */
		0921DB0BA476ABE174C897C2 /* Settings */ = {
			isa = PBXGroup;
			children = (
				61DA5792033B6B76DD8FE4D6 /* SettingsView.swift */,
				C757F610FA0129B050696C5B /* SettingsViewModel.swift */,
			);
			path = Settings;
			sourceTree = "<group>";
		};
		1423834DE4F6C4580CF6370B /* Network */ = {
			isa = PBXGroup;
			children = (
				74C10D3B69C8FDBCFFDD2A6C /* APIClient.swift */,
				B6CD63B777BE9191F877EF33 /* WebSocketManager.swift */,
			);
			path = Network;
			sourceTree = "<group>";
		};
		3CD0FD2B1AACB4EE8C382A09 /* AI */ = {
			isa = PBXGroup;
			children = (
				8491EBA36EE639D4FB3C3AAC /* AIPredictionCard.swift */,
				ABBC8801F835F7F451CFC670 /* AIRecommendationCard.swift */,
				74F2C3677D60A3E4449811A7 /* TeamOptimizationView.swift */,
			);
			path = AI;
			sourceTree = "<group>";
		};
		401A9E3719734BA2CAEDAD1C /* Products */ = {
			isa = PBXGroup;
			children = (
				EC42E72A001DCB6772B7A54A /* AFL Fantasy.app */,
			);
			name = Products;
			sourceTree = "<group>";
		};
		4250D1FA93715926020C272D /* AFL Fantasy */ = {
			isa = PBXGroup;
			children = (
				9A879D0C2DC495281D4FEF59 /* AFLFantasyApp.swift */,
				CE539B221CBCB85BC6B71E5C /* Extensions */,
				BFE079F50BF568E4E967405D /* Models */,
				1423834DE4F6C4580CF6370B /* Network */,
				EEB23E26BC48786B51C27A57 /* Resources */,
				6FE5B93CBDB3F03CDEDBE19A /* Services */,
				E68EC15D87293909F0D3A8E0 /* Theme */,
				D0250AABAD9E1656B4F05FAB /* Views */,
			);
			path = "AFL Fantasy";
			sourceTree = "<group>";
		};
		597A45C45511EE32B259DB00 /* Notifications */ = {
			isa = PBXGroup;
			children = (
				A1C416332BF648D43F0FDD70 /* NotificationsView.swift */,
				D5CD06A4354A84DFD3354A94 /* NotificationsViewModel.swift */,
			);
			path = Notifications;
			sourceTree = "<group>";
		};
		60C12859333E069F5F4973E2 /* CashCowAnalyzer */ = {
			isa = PBXGroup;
			children = (
				EBCF5D0151172112D0143AD4 /* CashCowAnalyzerView.swift */,
				35395439130E313385DF0EAB /* CashCowAnalyzerViewModel.swift */,
			);
			path = CashCowAnalyzer;
			sourceTree = "<group>";
		};
		6285B56AEDB46E4E27F65C83 /* Features */ = {
			isa = PBXGroup;
			children = (
				80B3C7252395D7D6CF080A0F /* CaptainSelection */,
				60C12859333E069F5F4973E2 /* CashCowAnalyzer */,
				F3086B5DF80D951540D9E93E /* Dashboard */,
				597A45C45511EE32B259DB00 /* Notifications */,
				0921DB0BA476ABE174C897C2 /* Settings */,
				D9E64F29403CE287191AE6D2 /* TeamManagement */,				E0D2FTZH925P02A0A7MDWLTA /* TeamImport */,				QSI4YE39ULQBWVWQLXORX4QP /* Profile */,


			);
			path = Features;
			sourceTree = "<group>";
		};
		6FE5B93CBDB3F03CDEDBE19A /* Services */ = {
			isa = PBXGroup;
			children = (
				05A783582465128E5F9E05AA /* ServiceProtocols.swift */,
				394CCCF438F363D2F2E46B57 /* Services.swift */,				FTNTEH8SMSHDGSOL2CZKULNB /* KeychainManager.swift */,
				CTUQE22PJKRZSOKFUF0VMAH8 /* AvatarLoader.swift */,

				7175B0F2309CE79D8D980866 /* Alert */,
				946F45C24CAE9E3FC0C6E970 /* Preview */,
			);
			path = Services;
			sourceTree = "<group>";
		};
		7175B0F2309CE79D8D980866 /* Alert */ = {
			isa = PBXGroup;
			children = (
				DE3BB35339F61D076558CAF5 /* AlertManager.swift */,
			);
			path = Alert;
			sourceTree = "<group>";
		};
		80B3C7252395D7D6CF080A0F /* CaptainSelection */ = {
			isa = PBXGroup;
			children = (
				1A3EFD5556D44342A6201793 /* CaptainSelectionView.swift */,
				1D657FF86359768A5A71295B /* CaptainSelectionViewModel.swift */,
			);
			path = CaptainSelection;
			sourceTree = "<group>";
		};
		88E082CAE2C89D164B1A473B /* Components */ = {
			isa = PBXGroup;
			children = (
				C7CFBCDD79E89012DE226D55 /* PerformanceChart.swift */,
				EA3538A2B57603447EAAE534 /* PlayerCard.swift */,
				1A7D95DD0D7CB1292DD51DBA /* PriceTrendChart.swift */,
				422441A63665A1F3CA5DB832 /* TeamStructureChart.swift */,
				3CD0FD2B1AACB4EE8C382A09 /* AI */,
			);
			path = Components;
			sourceTree = "<group>";
		};
		946F45C24CAE9E3FC0C6E970 /* Preview */ = {
			isa = PBXGroup;
			children = (
				17E28B08DE16A12185E8FAB8 /* MockPreviewService.swift */,
			);
			path = Preview;
			sourceTree = "<group>";
		};
		98C66B5DB852D38899659A6A = {
			isa = PBXGroup;
			children = (
				4250D1FA93715926020C272D /* AFL Fantasy */,
				401A9E3719734BA2CAEDAD1C /* Products */,
			);
			sourceTree = "<group>";
		};
		BFE079F50BF568E4E967405D /* Models */ = {
			isa = PBXGroup;
			children = (
				92C765685A393A2DCF6684E4 /* Models.swift */,
			);
			path = Models;
			sourceTree = "<group>";
		};
		CE539B221CBCB85BC6B71E5C /* Extensions */ = {
			isa = PBXGroup;
			children = (
				0A0FBD4AE986B850FF673964 /* CombineExtensions.swift */,
				E9B4D9CA211E31FD8F1E4CB5 /* Extensions.swift */,
			);
			path = Extensions;
			sourceTree = "<group>";
		};
		D0250AABAD9E1656B4F05FAB /* Views */ = {
			isa = PBXGroup;
			children = (
				7D4371E0A1CE1B4702D956D9 /* ContentView.swift */,
				88E082CAE2C89D164B1A473B /* Components */,
				6285B56AEDB46E4E27F65C83 /* Features */,
			);
			path = Views;
			sourceTree = "<group>";
		};
		D9E64F29403CE287191AE6D2 /* TeamManagement */ = {
			isa = PBXGroup;
			children = (
				64CFC3A4C351E40CEE207661 /* TeamManagementView.swift */,
				77BB075229BB1A43450BD5C8 /* TeamManagementViewModel.swift */,
			);
			path = TeamManagement;
			sourceTree = "<group>";
		};
		QSI4YE39ULQBWVWQLXORX4QP /* Profile */ = {
			isa = PBXGroup;
			children = (
				N2O7OJ5K2X7HM8PBQZ1N5NXQ /* ProfileView.swift */,
				TPQ0LS58E68T4E4J3JW42L5G /* EditProfileView.swift */,
			);
			path = Profile;
			sourceTree = "<group>";
		};

		E0D2FTZH925P02A0A7MDWLTA /* TeamImport */ = {
			isa = PBXGroup;
			children = (
				N05QMD8JMJWGDL2701N325C4 /* AFLFantasyImportView.swift */,
				O3KIV1GQCSYIUES7SRNNUJVW /* AFLFantasyImportViewModel.swift */,
			);
			path = TeamImport;
			sourceTree = "<group>";
		};

		E68EC15D87293909F0D3A8E0 /* Theme */ = {
			isa = PBXGroup;
			children = (
				37649A7B51925E41844FAB99 /* Theme.swift */,
			);
			path = Theme;
			sourceTree = "<group>";
		};
		EEB23E26BC48786B51C27A57 /* Resources */ = {
			isa = PBXGroup;
			children = (
				22B01A870845C737E4774090 /* Assets.xcassets */,
			);
			path = Resources;
			sourceTree = "<group>";
		};
		F3086B5DF80D951540D9E93E /* Dashboard */ = {
			isa = PBXGroup;
			children = (
				F5E4C56D66C2B59A7A8F705D /* DashboardViewModel.swift */,
			);
			path = Dashboard;
			sourceTree = "<group>";
		};
/* End PBXGroup section */

/* Begin PBXNativeTarget section */
		7F513083A9B98537F4B4663E /* AFL Fantasy */ = {
			isa = PBXNativeTarget;
			buildConfigurationList = 2234E152BB9D52562C24C8AF /* Build configuration list for PBXNativeTarget "AFL Fantasy" */;
			buildPhases = (
				8E60D4C88560ABD820943279 /* Sources */,
				A8F5E2256860099F51359165 /* Resources */,
			);
			buildRules = (
			);
			dependencies = (
			);
			name = "AFL Fantasy";
			packageProductDependencies = (
			);
			productName = "AFL Fantasy";
			productReference = EC42E72A001DCB6772B7A54A /* AFL Fantasy.app */;
			productType = "com.apple.product-type.application";
		};
/* End PBXNativeTarget section */

/* Begin PBXProject section */
		277923B7F7AC5F654947D4EE /* Project object */ = {
			isa = PBXProject;
			attributes = {
				BuildIndependentTargetsInParallel = YES;
				LastUpgradeCheck = 1500;
				TargetAttributes = {
					7F513083A9B98537F4B4663E = {
						DevelopmentTeam = "";
					};
				};
			};
			buildConfigurationList = 62D5B175F7AED53C218A370B /* Build configuration list for PBXProject "AFL Fantasy" */;
			compatibilityVersion = "Xcode 14.0";
			developmentRegion = en;
			hasScannedForEncodings = 0;
			knownRegions = (
				Base,
				en,
			);
			mainGroup = 98C66B5DB852D38899659A6A;
			minimizedProjectReferenceProxies = 1;
			preferredProjectObjectVersion = 77;
			projectDirPath = "";
			projectRoot = "";
			targets = (
				7F513083A9B98537F4B4663E /* AFL Fantasy */,
			);
		};
/* End PBXProject section */

/* Begin PBXResourcesBuildPhase section */
		A8F5E2256860099F51359165 /* Resources */ = {
			isa = PBXResourcesBuildPhase;
			buildActionMask = 2147483647;
			files = (
				283F4C6561F04B359CD921C4 /* Assets.xcassets in Resources */,
			);
			runOnlyForDeploymentPostprocessing = 0;
		};
/* End PBXResourcesBuildPhase section */

/* Begin PBXSourcesBuildPhase section */
		8E60D4C88560ABD820943279 /* Sources */ = {
			isa = PBXSourcesBuildPhase;
			buildActionMask = 2147483647;
			files = (
				AC1701D286C4F585B61BB5F1 /* AFLFantasyApp.swift in Sources */,
				B9D1B14BA1E61E583C450E5B /* AIPredictionCard.swift in Sources */,
				7110A2405B00AA9E3ACB48FC /* AIRecommendationCard.swift in Sources */,
				00ED5524199CC67238BC5BAA /* APIClient.swift in Sources */,
				AE91CE23C434048641025213 /* AlertManager.swift in Sources */,
				F18A4C73E09A5BDB1F643332 /* CaptainSelectionView.swift in Sources */,
				EC2E090B64F3066D16D05829 /* CaptainSelectionViewModel.swift in Sources */,
				E9148B37FFC018C048D5ED5A /* CashCowAnalyzerView.swift in Sources */,
				4497CFEBAA5880F8C4D8430D /* CashCowAnalyzerViewModel.swift in Sources */,
				DEF5A8210D02BC26E1F6260A /* CombineExtensions.swift in Sources */,
				A4A4E4F1A0F0C7593DAD44CF /* ContentView.swift in Sources */,
				00CB36695D8F28700E2592B9 /* DashboardViewModel.swift in Sources */,
				EE40BFEACE2F98278514A909 /* Extensions.swift in Sources */,
				DBF560B075C33B4478E7DF3A /* MockPreviewService.swift in Sources */,
				28964F867D666891AC058BAD /* Models.swift in Sources */,
				B6E69F7180E733C1F8DD3D67 /* NotificationsView.swift in Sources */,
				F102B90E41893729D1760242 /* NotificationsViewModel.swift in Sources */,
				B30BE83E8E7F15518E03C534 /* PerformanceChart.swift in Sources */,
				5573BD86B2F50DC0287F4175 /* PlayerCard.swift in Sources */,
				36905F83C0AE7C0399479540 /* PriceTrendChart.swift in Sources */,
				4966CC1FA155E7C892BD7013 /* ServiceProtocols.swift in Sources */,
				19E930153498478179C4EC8E /* Services.swift in Sources */,
				0E0BB76340CFEBB91E156180 /* SettingsView.swift in Sources */,
				B9BBC5583218157C6A2672E6 /* SettingsViewModel.swift in Sources */,
				FBD6FB4B4D1B5B6F2297F115 /* TeamManagementView.swift in Sources */,
				EA9266D7A0391E550EE5DBF3 /* TeamManagementViewModel.swift in Sources */,
				317706D35520E5D4EF66F6EA /* TeamOptimizationView.swift in Sources */,
				65D1D7AA0DE8ABFE16A1B690 /* TeamStructureChart.swift in Sources */,
				9FBF285BB457D471A81CF132 /* Theme.swift in Sources */,
				4628487070C8ECA705BC7938 /* WebSocketManager.swift in Sources */,				1A2A23QTAHPJ4ZFCNEG195YC /* KeychainManager.swift in Sources */,
				RJZ3UW5JRZNNWK5VMCS4WK3J /* AvatarLoader.swift in Sources */,
				DUB00MJG99EX9GEQSA3XBHRH /* AFLFantasyImportView.swift in Sources */,
				1ACEAOF1FCSDZLJNO6NQF7N1 /* AFLFantasyImportViewModel.swift in Sources */,				6N4J6DRDGWQX995ZGCSXDY0Y /* ProfileView.swift in Sources */,
				SU48JN9WWBV84QVKK4YYA12B /* EditProfileView.swift in Sources */,


			);
			runOnlyForDeploymentPostprocessing = 0;
		};
/* End PBXSourcesBuildPhase section */

/* Begin XCBuildConfiguration section */
		481D2F7CA274C627A3E1366B /* Release */ = {
			isa = XCBuildConfiguration;
			buildSettings = {
				ALWAYS_SEARCH_USER_PATHS = NO;
				CLANG_ANALYZER_NONNULL = YES;
				CLANG_ANALYZER_NUMBER_OBJECT_CONVERSION = YES_AGGRESSIVE;
				CLANG_CXX_LANGUAGE_STANDARD = "gnu++14";
				CLANG_CXX_LIBRARY = "libc++";
				CLANG_ENABLE_MODULES = YES;
				CLANG_ENABLE_OBJC_ARC = YES;
				CLANG_ENABLE_OBJC_WEAK = YES;
				CLANG_WARN_BLOCK_CAPTURE_AUTORELEASING = YES;
				CLANG_WARN_BOOL_CONVERSION = YES;
				CLANG_WARN_COMMA = YES;
				CLANG_WARN_CONSTANT_CONVERSION = YES;
				CLANG_WARN_DEPRECATED_OBJC_IMPLEMENTATIONS = YES;
				CLANG_WARN_DIRECT_OBJC_ISA_USAGE = YES_ERROR;
				CLANG_WARN_DOCUMENTATION_COMMENTS = YES;
				CLANG_WARN_EMPTY_BODY = YES;
				CLANG_WARN_ENUM_CONVERSION = YES;
				CLANG_WARN_INFINITE_RECURSION = YES;
				CLANG_WARN_INT_CONVERSION = YES;
				CLANG_WARN_NON_LITERAL_NULL_CONVERSION = YES;
				CLANG_WARN_OBJC_IMPLICIT_RETAIN_SELF = YES;
				CLANG_WARN_OBJC_LITERAL_CONVERSION = YES;
				CLANG_WARN_OBJC_ROOT_CLASS = YES_ERROR;
				CLANG_WARN_QUOTED_INCLUDE_IN_FRAMEWORK_HEADER = YES;
				CLANG_WARN_RANGE_LOOP_ANALYSIS = YES;
				CLANG_WARN_STRICT_PROTOTYPES = YES;
				CLANG_WARN_SUSPICIOUS_MOVE = YES;
				CLANG_WARN_UNGUARDED_AVAILABILITY = YES_AGGRESSIVE;
				CLANG_WARN_UNREACHABLE_CODE = YES;
				CLANG_WARN__DUPLICATE_METHOD_MATCH = YES;
				COPY_PHASE_STRIP = NO;
				DEBUG_INFORMATION_FORMAT = "dwarf-with-dsym";
				ENABLE_NS_ASSERTIONS = NO;
				ENABLE_STRICT_OBJC_MSGSEND = YES;
				GCC_C_LANGUAGE_STANDARD = gnu11;
				GCC_NO_COMMON_BLOCKS = YES;
				GCC_WARN_64_TO_32_BIT_CONVERSION = YES;
				GCC_WARN_ABOUT_RETURN_TYPE = YES_ERROR;
				GCC_WARN_UNDECLARED_SELECTOR = YES;
				GCC_WARN_UNINITIALIZED_AUTOS = YES_AGGRESSIVE;
				GCC_WARN_UNUSED_FUNCTION = YES;
				GCC_WARN_UNUSED_VARIABLE = YES;
				IPHONEOS_DEPLOYMENT_TARGET = 17.0;
				MTL_ENABLE_DEBUG_INFO = NO;
				MTL_FAST_MATH = YES;
				PRODUCT_NAME = "$(TARGET_NAME)";
				SDKROOT = iphoneos;
				SWIFT_COMPILATION_MODE = wholemodule;
				SWIFT_OPTIMIZATION_LEVEL = "-O";
				SWIFT_VERSION = 5.0;
			};
			name = Release;
		};
		5C1849E2B440EB600A55B238 /* Debug */ = {
			isa = XCBuildConfiguration;
			buildSettings = {
				ALWAYS_SEARCH_USER_PATHS = NO;
				CLANG_ANALYZER_NONNULL = YES;
				CLANG_ANALYZER_NUMBER_OBJECT_CONVERSION = YES_AGGRESSIVE;
				CLANG_CXX_LANGUAGE_STANDARD = "gnu++14";
				CLANG_CXX_LIBRARY = "libc++";
				CLANG_ENABLE_MODULES = YES;
				CLANG_ENABLE_OBJC_ARC = YES;
				CLANG_ENABLE_OBJC_WEAK = YES;
				CLANG_WARN_BLOCK_CAPTURE_AUTORELEASING = YES;
				CLANG_WARN_BOOL_CONVERSION = YES;
				CLANG_WARN_COMMA = YES;
				CLANG_WARN_CONSTANT_CONVERSION = YES;
				CLANG_WARN_DEPRECATED_OBJC_IMPLEMENTATIONS = YES;
				CLANG_WARN_DIRECT_OBJC_ISA_USAGE = YES_ERROR;
				CLANG_WARN_DOCUMENTATION_COMMENTS = YES;
				CLANG_WARN_EMPTY_BODY = YES;
				CLANG_WARN_ENUM_CONVERSION = YES;
				CLANG_WARN_INFINITE_RECURSION = YES;
				CLANG_WARN_INT_CONVERSION = YES;
				CLANG_WARN_NON_LITERAL_NULL_CONVERSION = YES;
				CLANG_WARN_OBJC_IMPLICIT_RETAIN_SELF = YES;
				CLANG_WARN_OBJC_LITERAL_CONVERSION = YES;
				CLANG_WARN_OBJC_ROOT_CLASS = YES_ERROR;
				CLANG_WARN_QUOTED_INCLUDE_IN_FRAMEWORK_HEADER = YES;
				CLANG_WARN_RANGE_LOOP_ANALYSIS = YES;
				CLANG_WARN_STRICT_PROTOTYPES = YES;
				CLANG_WARN_SUSPICIOUS_MOVE = YES;
				CLANG_WARN_UNGUARDED_AVAILABILITY = YES_AGGRESSIVE;
				CLANG_WARN_UNREACHABLE_CODE = YES;
				CLANG_WARN__DUPLICATE_METHOD_MATCH = YES;
				COPY_PHASE_STRIP = NO;
				DEBUG_INFORMATION_FORMAT = dwarf;
				ENABLE_STRICT_OBJC_MSGSEND = YES;
				ENABLE_TESTABILITY = YES;
				GCC_C_LANGUAGE_STANDARD = gnu11;
				GCC_DYNAMIC_NO_PIC = NO;
				GCC_NO_COMMON_BLOCKS = YES;
				GCC_OPTIMIZATION_LEVEL = 0;
				GCC_PREPROCESSOR_DEFINITIONS = (
					"$(inherited)",
					"DEBUG=1",
				);
				GCC_WARN_64_TO_32_BIT_CONVERSION = YES;
				GCC_WARN_ABOUT_RETURN_TYPE = YES_ERROR;
				GCC_WARN_UNDECLARED_SELECTOR = YES;
				GCC_WARN_UNINITIALIZED_AUTOS = YES_AGGRESSIVE;
				GCC_WARN_UNUSED_FUNCTION = YES;
				GCC_WARN_UNUSED_VARIABLE = YES;
				IPHONEOS_DEPLOYMENT_TARGET = 17.0;
				MTL_ENABLE_DEBUG_INFO = INCLUDE_SOURCE;
				MTL_FAST_MATH = YES;
				ONLY_ACTIVE_ARCH = YES;
				PRODUCT_NAME = "$(TARGET_NAME)";
				SDKROOT = iphoneos;
				SWIFT_ACTIVE_COMPILATION_CONDITIONS = DEBUG;
				SWIFT_OPTIMIZATION_LEVEL = "-Onone";
				SWIFT_VERSION = 5.0;
			};
			name = Debug;
		};
		5E9A05C4DCDBB597600845C2 /* Debug */ = {
			isa = XCBuildConfiguration;
			buildSettings = {
				ASSETCATALOG_COMPILER_APPICON_NAME = AppIcon;
				CODE_SIGN_IDENTITY = "iPhone Developer";
				DEVELOPMENT_TEAM = "";
				ENABLE_PREVIEWS = YES;
				GENERATE_INFOPLIST_FILE = YES;
				INFOPLIST_KEY_UILaunchScreen_Generation = YES;
				INFOPLIST_KEY_UISupportedInterfaceOrientations_iPad = "UIInterfaceOrientationPortrait UIInterfaceOrientationPortraitUpsideDown UIInterfaceOrientationLandscapeLeft UIInterfaceOrientationLandscapeRight";
				INFOPLIST_KEY_UISupportedInterfaceOrientations_iPhone = UIInterfaceOrientationPortrait;
				LD_RUNPATH_SEARCH_PATHS = (
					"$(inherited)",
					"@executable_path/Frameworks",
				);
				PRODUCT_BUNDLE_IDENTIFIER = com.tiaastor.AFLFantasy;
				PRODUCT_NAME = "AFL Fantasy";
				SDKROOT = iphoneos;
				SWIFT_TREAT_WARNINGS_AS_ERRORS = YES;
				TARGETED_DEVICE_FAMILY = "1,2";
			};
			name = Debug;
		};
		68F0304216A4740FFBD9C197 /* Release */ = {
			isa = XCBuildConfiguration;
			buildSettings = {
				ASSETCATALOG_COMPILER_APPICON_NAME = AppIcon;
				CODE_SIGN_IDENTITY = "iPhone Developer";
				DEVELOPMENT_TEAM = "";
				ENABLE_PREVIEWS = YES;
				GENERATE_INFOPLIST_FILE = YES;
				INFOPLIST_KEY_UILaunchScreen_Generation = YES;
				INFOPLIST_KEY_UISupportedInterfaceOrientations_iPad = "UIInterfaceOrientationPortrait UIInterfaceOrientationPortraitUpsideDown UIInterfaceOrientationLandscapeLeft UIInterfaceOrientationLandscapeRight";
				INFOPLIST_KEY_UISupportedInterfaceOrientations_iPhone = UIInterfaceOrientationPortrait;
				LD_RUNPATH_SEARCH_PATHS = (
					"$(inherited)",
					"@executable_path/Frameworks",
				);
				PRODUCT_BUNDLE_IDENTIFIER = com.tiaastor.AFLFantasy;
				PRODUCT_NAME = "AFL Fantasy";
				SDKROOT = iphoneos;
				SWIFT_TREAT_WARNINGS_AS_ERRORS = YES;
				TARGETED_DEVICE_FAMILY = "1,2";
			};
			name = Release;
		};
/* End XCBuildConfiguration section */

/* Begin XCConfigurationList section */
		2234E152BB9D52562C24C8AF /* Build configuration list for PBXNativeTarget "AFL Fantasy" */ = {
			isa = XCConfigurationList;
			buildConfigurations = (
				5E9A05C4DCDBB597600845C2 /* Debug */,
				68F0304216A4740FFBD9C197 /* Release */,
			);
			defaultConfigurationIsVisible = 0;
			defaultConfigurationName = Debug;
		};
		62D5B175F7AED53C218A370B /* Build configuration list for PBXProject "AFL Fantasy" */ = {
			isa = XCConfigurationList;
			buildConfigurations = (
				5C1849E2B440EB600A55B238 /* Debug */,
				481D2F7CA274C627A3E1366B /* Release */,
			);
			defaultConfigurationIsVisible = 0;
			defaultConfigurationName = Debug;
		};
/* End XCConfigurationList section */
	};
	rootObject = 277923B7F7AC5F654947D4EE /* Project object */;
}
